
Microsoft Visual Studio Solution File, Format Version 12.00
# Visual Studio Version 17
VisualStudioVersion = 17.3.32929.385
MinimumVisualStudioVersion = 10.0.40219.1
Project("{FAE04EC0-301F-11D3-BF4B-00C04F79EFBC}") = "donerci", "donerci\donerci.csproj", "{5E1DB24B-7245-4AEC-9010-A8B3F7DED960}"
EndProject
Global
	GlobalSection(SolutionConfigurationPlatforms) = preSolution
		Debug|Any CPU = Debug|Any CPU
		Release|Any CPU = Release|Any CPU
	EndGlobalSection
	GlobalSection(ProjectConfigurationPlatforms) = postSolution
		{5E1DB24B-7245-4AEC-9010-A8B3F7DED960}.Debug|Any CPU.ActiveCfg = Debug|Any CPU
		{5E1DB24B-7245-4AEC-9010-A8B3F7DED960}.Debug|Any CPU.Build.0 = Debug|Any CPU
		{5E1DB24B-7245-4AEC-9010-A8B3F7DED960}.Release|Any CPU.ActiveCfg = Release|Any CPU
		{5E1DB24B-7245-4AEC-9010-A8B3F7DED960}.Release|Any CPU.Build.0 = Release|Any CPU
	EndGlobalSection
	GlobalSection(SolutionProperties) = preSolution
		HideSolutionNode = FALSE
	EndGlobalSection
	GlobalSection(ExtensibilityGlobals) = postSolution
		SolutionGuid = {C900DECA-5919-4AB9-B01C-4F05B0F20848}
	EndGlobalSection
EndGlobal
